
Microsoft Visual Studio Solution File, Format Version 12.00
# Visual Studio Version 17
VisualStudioVersion = 17.14.36705.20
MinimumVisualStudioVersion = 10.0.40219.1
Project("{FAE04EC0-301F-11D3-BF4B-00C04F79EFBC}") = "DesignPatterns", "DesignPatterns.csproj", "{53534821-58C8-49D2-9A0F-A3CD0D2BE1F0}"
EndProject
Global
	GlobalSection(SolutionConfigurationPlatforms) = preSolution
		Debug|Any CPU = Debug|Any CPU
		Release|Any CPU = Release|Any CPU
	EndGlobalSection
	GlobalSection(ProjectConfigurationPlatforms) = postSolution
		{53534821-58C8-49D2-9A0F-A3CD0D2BE1F0}.Debug|Any CPU.ActiveCfg = Debug|Any CPU
		{53534821-58C8-49D2-9A0F-A3CD0D2BE1F0}.Debug|Any CPU.Build.0 = Debug|Any CPU
		{53534821-58C8-49D2-9A0F-A3CD0D2BE1F0}.Release|Any CPU.ActiveCfg = Release|Any CPU
		{53534821-58C8-49D2-9A0F-A3CD0D2BE1F0}.Release|Any CPU.Build.0 = Release|Any CPU
	EndGlobalSection
	GlobalSection(SolutionProperties) = preSolution
		HideSolutionNode = FALSE
	EndGlobalSection
	GlobalSection(ExtensibilityGlobals) = postSolution
		SolutionGuid = {CFED4F6C-D947-461B-A50A-30687BE40CF1}
	EndGlobalSection
EndGlobal
